// !$*UTF8*$!
{
	archiveVersion = 1;
	classes = {
	};
	objectVersion = 55;
	objects = {

/* Begin PBXBuildFile section */
		12DFCBA3287C8817007E1EE1 /* AppDelegate.swift in Sources */ = {isa = PBXBuildFile; fileRef = 12DFCBA2287C8817007E1EE1 /* AppDelegate.swift */; };
		12DFCBA5287C8817007E1EE1 /* SceneDelegate.swift in Sources */ = {isa = PBXBuildFile; fileRef = 12DFCBA4287C8817007E1EE1 /* SceneDelegate.swift */; };
		12DFCBA7287C8817007E1EE1 /* ViewController.swift in Sources */ = {isa = PBXBuildFile; fileRef = 12DFCBA6287C8817007E1EE1 /* ViewController.swift */; };
		12DFCBAA287C8817007E1EE1 /* Main.storyboard in Resources */ = {isa = PBXBuildFile; fileRef = 12DFCBA8287C8817007E1EE1 /* Main.storyboard */; };
		12DFCBAC287C881A007E1EE1 /* Assets.xcassets in Resources */ = {isa = PBXBuildFile; fileRef = 12DFCBAB287C881A007E1EE1 /* Assets.xcassets */; };
		12DFCBAF287C881A007E1EE1 /* LaunchScreen.storyboard in Resources */ = {isa = PBXBuildFile; fileRef = 12DFCBAD287C881A007E1EE1 /* LaunchScreen.storyboard */; };
		12DFCBB7287C8B33007E1EE1 /* LoginViewController.storyboard in Resources */ = {isa = PBXBuildFile; fileRef = 12DFCBB6287C8B33007E1EE1 /* LoginViewController.storyboard */; };
		12DFCBBA287C8B47007E1EE1 /* LoginViewController.swift in Sources */ = {isa = PBXBuildFile; fileRef = 12DFCBB9287C8B47007E1EE1 /* LoginViewController.swift */; };
		12DFCBBD287C8E9A007E1EE1 /* DashboardViewController.storyboard in Resources */ = {isa = PBXBuildFile; fileRef = 12DFCBBC287C8E9A007E1EE1 /* DashboardViewController.storyboard */; };
		12DFCBBF287C8EA5007E1EE1 /* DashboardViewController.swift in Sources */ = {isa = PBXBuildFile; fileRef = 12DFCBBE287C8EA5007E1EE1 /* DashboardViewController.swift */; };
/* End PBXBuildFile section */

/* Begin PBXFileReference section */
		12DFCB9F287C8817007E1EE1 /* Lesson_29.app */ = {isa = PBXFileReference; explicitFileType = wrapper.application; includeInIndex = 0; path = Lesson_29.app; sourceTree = BUILT_PRODUCTS_DIR; };
		12DFCBA2287C8817007E1EE1 /* AppDelegate.swift */ = {isa = PBXFileReference; lastKnownFileType = sourcecode.swift; path = AppDelegate.swift; sourceTree = "<group>"; };
		12DFCBA4287C8817007E1EE1 /* SceneDelegate.swift */ = {isa = PBXFileReference; lastKnownFileType = sourcecode.swift; path = SceneDelegate.swift; sourceTree = "<group>"; };
		12DFCBA6287C8817007E1EE1 /* ViewController.swift */ = {isa = PBXFileReference; lastKnownFileType = sourcecode.swift; path = ViewController.swift; sourceTree = "<group>"; };
		12DFCBA9287C8817007E1EE1 /* Base */ = {isa = PBXFileReference; lastKnownFileType = file.storyboard; name = Base; path = Base.lproj/Main.storyboard; sourceTree = "<group>"; };
		12DFCBAB287C881A007E1EE1 /* Assets.xcassets */ = {isa = PBXFileReference; lastKnownFileType = folder.assetcatalog; path = Assets.xcassets; sourceTree = "<group>"; };
		12DFCBAE287C881A007E1EE1 /* Base */ = {isa = PBXFileReference; lastKnownFileType = file.storyboard; name = Base; path = Base.lproj/LaunchScreen.storyboard; sourceTree = "<group>"; };
		12DFCBB0287C881A007E1EE1 /* Info.plist */ = {isa = PBXFileReference; lastKnownFileType = text.plist.xml; path = Info.plist; sourceTree = "<group>"; };
		12DFCBB6287C8B33007E1EE1 /* LoginViewController.storyboard */ = {isa = PBXFileReference; lastKnownFileType = file.storyboard; path = LoginViewController.storyboard; sourceTree = "<group>"; };
		12DFCBB9287C8B47007E1EE1 /* LoginViewController.swift */ = {isa = PBXFileReference; lastKnownFileType = sourcecode.swift; path = LoginViewController.swift; sourceTree = "<group>"; };
		12DFCBBC287C8E9A007E1EE1 /* DashboardViewController.storyboard */ = {isa = PBXFileReference; lastKnownFileType = file.storyboard; path = DashboardViewController.storyboard; sourceTree = "<group>"; };
		12DFCBBE287C8EA5007E1EE1 /* DashboardViewController.swift */ = {isa = PBXFileReference; lastKnownFileType = sourcecode.swift; path = DashboardViewController.swift; sourceTree = "<group>"; };
/* End PBXFileReference section */

/* Begin PBXFrameworksBuildPhase section */
		12DFCB9C287C8817007E1EE1 /* Frameworks */ = {
			isa = PBXFrameworksBuildPhase;
			buildActionMask = 2147483647;
			files = (
			);
			runOnlyForDeploymentPostprocessing = 0;
		};
/* End PBXFrameworksBuildPhase section */

/* Begin PBXGroup section */
		12DFCB96287C8817007E1EE1 = {
			isa = PBXGroup;
			children = (
				12DFCBA1287C8817007E1EE1 /* Lesson_29 */,
				12DFCBA0287C8817007E1EE1 /* Products */,
			);
			sourceTree = "<group>";
		};
		12DFCBA0287C8817007E1EE1 /* Products */ = {
			isa = PBXGroup;
			children = (
				12DFCB9F287C8817007E1EE1 /* Lesson_29.app */,
			);
			name = Products;
			sourceTree = "<group>";
		};
		12DFCBA1287C8817007E1EE1 /* Lesson_29 */ = {
			isa = PBXGroup;
			children = (
				12DFCBA2287C8817007E1EE1 /* AppDelegate.swift */,
				12DFCBA4287C8817007E1EE1 /* SceneDelegate.swift */,
				12DFCBA6287C8817007E1EE1 /* ViewController.swift */,
				12DFCBBB287C8E83007E1EE1 /* DashboardScene */,
				12DFCBA8287C8817007E1EE1 /* Main.storyboard */,
				12DFCBB8287C8B38007E1EE1 /* LoginScene */,
				12DFCBAB287C881A007E1EE1 /* Assets.xcassets */,
				12DFCBAD287C881A007E1EE1 /* LaunchScreen.storyboard */,
				12DFCBB0287C881A007E1EE1 /* Info.plist */,
			);
			path = Lesson_29;
			sourceTree = "<group>";
		};
		12DFCBB8287C8B38007E1EE1 /* LoginScene */ = {
			isa = PBXGroup;
			children = (
				12DFCBB6287C8B33007E1EE1 /* LoginViewController.storyboard */,
				12DFCBB9287C8B47007E1EE1 /* LoginViewController.swift */,
			);
			path = LoginScene;
		12DFCBBB287C8E83007E1EE1 /* DashboardScene */ = {
			isa = PBXGroup;
			children = (
				12DFCBBC287C8E9A007E1EE1 /* DashboardViewController.storyboard */,
				12DFCBBE287C8EA5007E1EE1 /* DashboardViewController.swift */,
			);
			path = DashboardScene;
			sourceTree = "<group>";
		};
/* End PBXGroup section */

/* Begin PBXNativeTarget section */
		12DFCB9E287C8817007E1EE1 /* Lesson_29 */ = {
			isa = PBXNativeTarget;
			buildConfigurationList = 12DFCBB3287C881A007E1EE1 /* Build configuration list for PBXNativeTarget "Lesson_29" */;
			buildPhases = (
				12DFCB9B287C8817007E1EE1 /* Sources */,
				12DFCB9C287C8817007E1EE1 /* Frameworks */,
				12DFCB9D287C8817007E1EE1 /* Resources */,
			);
			buildRules = (
			);
			dependencies = (
			);
			name = Lesson_29;
			productName = Lesson_29;
			productReference = 12DFCB9F287C8817007E1EE1 /* Lesson_29.app */;
			productType = "com.apple.product-type.application";
		};
/* End PBXNativeTarget section */

/* Begin PBXProject section */
		12DFCB97287C8817007E1EE1 /* Project object */ = {
			isa = PBXProject;
			attributes = {
				BuildIndependentTargetsInParallel = 1;
				LastSwiftUpdateCheck = 1340;
				LastUpgradeCheck = 1340;
				TargetAttributes = {
					12DFCB9E287C8817007E1EE1 = {
						CreatedOnToolsVersion = 13.4.1;
					};
				};
			};
			buildConfigurationList = 12DFCB9A287C8817007E1EE1 /* Build configuration list for PBXProject "Lesson_29" */;
			compatibilityVersion = "Xcode 13.0";
			developmentRegion = en;
			hasScannedForEncodings = 0;
			knownRegions = (
				en,
				Base,
			);
			mainGroup = 12DFCB96287C8817007E1EE1;
			productRefGroup = 12DFCBA0287C8817007E1EE1 /* Products */;
			projectDirPath = "";
			projectRoot = "";
			targets = (
				12DFCB9E287C8817007E1EE1 /* Lesson_29 */,
			);
		};
/* End PBXProject section */

/* Begin PBXResourcesBuildPhase section */
		12DFCB9D287C8817007E1EE1 /* Resources */ = {
			isa = PBXResourcesBuildPhase;
			buildActionMask = 2147483647;
			files = (
				12DFCBBD287C8E9A007E1EE1 /* DashboardViewController.storyboard in Resources */,
				12DFCBAF287C881A007E1EE1 /* LaunchScreen.storyboard in Resources */,
				12DFCBB7287C8B33007E1EE1 /* LoginViewController.storyboard in Resources */,
				12DFCBAC287C881A007E1EE1 /* Assets.xcassets in Resources */,
				12DFCBAA287C8817007E1EE1 /* Main.storyboard in Resources */,
			);
			runOnlyForDeploymentPostprocessing = 0;
		};
/* End PBXResourcesBuildPhase section */

/* Begin PBXSourcesBuildPhase section */
		12DFCB9B287C8817007E1EE1 /* Sources */ = {
			isa = PBXSourcesBuildPhase;
			buildActionMask = 2147483647;
			files = (
				12DFCBBA287C8B47007E1EE1 /* LoginViewController.swift in Sources */,
				12DFCBA7287C8817007E1EE1 /* ViewController.swift in Sources */,
				12DFCBA3287C8817007E1EE1 /* AppDelegate.swift in Sources */,
				12DFCBA5287C8817007E1EE1 /* SceneDelegate.swift in Sources */,
				12DFCBBF287C8EA5007E1EE1 /* DashboardViewController.swift in Sources */,
			);
			runOnlyForDeploymentPostprocessing = 0;
		};
/* End PBXSourcesBuildPhase section */

/* Begin PBXVariantGroup section */
		12DFCBA8287C8817007E1EE1 /* Main.storyboard */ = {
			isa = PBXVariantGroup;
			children = (
				12DFCBA9287C8817007E1EE1 /* Base */,
			);
			name = Main.storyboard;
			sourceTree = "<group>";
		};
		12DFCBAD287C881A007E1EE1 /* LaunchScreen.storyboard */ = {
			isa = PBXVariantGroup;
			children = (
				12DFCBAE287C881A007E1EE1 /* Base */,
			);
			name = LaunchScreen.storyboard;
			sourceTree = "<group>";
		};
/* End PBXVariantGroup section */

/* Begin XCBuildConfiguration section */
		12DFCBB1287C881A007E1EE1 /* Debug */ = {
			isa = XCBuildConfiguration;
			buildSettings = {
				ALWAYS_SEARCH_USER_PATHS = NO;
				CLANG_ANALYZER_NONNULL = YES;
				CLANG_ANALYZER_NUMBER_OBJECT_CONVERSION = YES_AGGRESSIVE;
				CLANG_CXX_LANGUAGE_STANDARD = "gnu++17";
				CLANG_ENABLE_MODULES = YES;
				CLANG_ENABLE_OBJC_ARC = YES;
				CLANG_ENABLE_OBJC_WEAK = YES;
				CLANG_WARN_BLOCK_CAPTURE_AUTORELEASING = YES;
				CLANG_WARN_BOOL_CONVERSION = YES;
				CLANG_WARN_COMMA = YES;
				CLANG_WARN_CONSTANT_CONVERSION = YES;
				CLANG_WARN_DEPRECATED_OBJC_IMPLEMENTATIONS = YES;
				CLANG_WARN_DIRECT_OBJC_ISA_USAGE = YES_ERROR;
				CLANG_WARN_DOCUMENTATION_COMMENTS = YES;
				CLANG_WARN_EMPTY_BODY = YES;
				CLANG_WARN_ENUM_CONVERSION = YES;
				CLANG_WARN_INFINITE_RECURSION = YES;
				CLANG_WARN_INT_CONVERSION = YES;
				CLANG_WARN_NON_LITERAL_NULL_CONVERSION = YES;
				CLANG_WARN_OBJC_IMPLICIT_RETAIN_SELF = YES;
				CLANG_WARN_OBJC_LITERAL_CONVERSION = YES;
				CLANG_WARN_OBJC_ROOT_CLASS = YES_ERROR;
				CLANG_WARN_QUOTED_INCLUDE_IN_FRAMEWORK_HEADER = YES;
				CLANG_WARN_RANGE_LOOP_ANALYSIS = YES;
				CLANG_WARN_STRICT_PROTOTYPES = YES;
				CLANG_WARN_SUSPICIOUS_MOVE = YES;
				CLANG_WARN_UNGUARDED_AVAILABILITY = YES_AGGRESSIVE;
				CLANG_WARN_UNREACHABLE_CODE = YES;
				CLANG_WARN__DUPLICATE_METHOD_MATCH = YES;
				COPY_PHASE_STRIP = NO;
				DEBUG_INFORMATION_FORMAT = dwarf;
				ENABLE_STRICT_OBJC_MSGSEND = YES;
				ENABLE_TESTABILITY = YES;
				GCC_C_LANGUAGE_STANDARD = gnu11;
				GCC_DYNAMIC_NO_PIC = NO;
				GCC_NO_COMMON_BLOCKS = YES;
				GCC_OPTIMIZATION_LEVEL = 0;
				GCC_PREPROCESSOR_DEFINITIONS = (
					"DEBUG=1",
					"$(inherited)",
				);
				GCC_WARN_64_TO_32_BIT_CONVERSION = YES;
				GCC_WARN_ABOUT_RETURN_TYPE = YES_ERROR;
				GCC_WARN_UNDECLARED_SELECTOR = YES;
				GCC_WARN_UNINITIALIZED_AUTOS = YES_AGGRESSIVE;
				GCC_WARN_UNUSED_FUNCTION = YES;
				GCC_WARN_UNUSED_VARIABLE = YES;
				IPHONEOS_DEPLOYMENT_TARGET = 15.5;
				MTL_ENABLE_DEBUG_INFO = INCLUDE_SOURCE;
				MTL_FAST_MATH = YES;
				ONLY_ACTIVE_ARCH = YES;
				SDKROOT = iphoneos;
				SWIFT_ACTIVE_COMPILATION_CONDITIONS = DEBUG;
				SWIFT_OPTIMIZATION_LEVEL = "-Onone";
			};
			name = Debug;
		};
		12DFCBB2287C881A007E1EE1 /* Release */ = {
			isa = XCBuildConfiguration;
			buildSettings = {
				ALWAYS_SEARCH_USER_PATHS = NO;
				CLANG_ANALYZER_NONNULL = YES;
				CLANG_ANALYZER_NUMBER_OBJECT_CONVERSION = YES_AGGRESSIVE;
				CLANG_CXX_LANGUAGE_STANDARD = "gnu++17";
				CLANG_ENABLE_MODULES = YES;
				CLANG_ENABLE_OBJC_ARC = YES;
				CLANG_ENABLE_OBJC_WEAK = YES;
				CLANG_WARN_BLOCK_CAPTURE_AUTORELEASING = YES;
				CLANG_WARN_BOOL_CONVERSION = YES;
				CLANG_WARN_COMMA = YES;
				CLANG_WARN_CONSTANT_CONVERSION = YES;
				CLANG_WARN_DEPRECATED_OBJC_IMPLEMENTATIONS = YES;
				CLANG_WARN_DIRECT_OBJC_ISA_USAGE = YES_ERROR;
				CLANG_WARN_DOCUMENTATION_COMMENTS = YES;
				CLANG_WARN_EMPTY_BODY = YES;
				CLANG_WARN_ENUM_CONVERSION = YES;
				CLANG_WARN_INFINITE_RECURSION = YES;
				CLANG_WARN_INT_CONVERSION = YES;
				CLANG_WARN_NON_LITERAL_NULL_CONVERSION = YES;
				CLANG_WARN_OBJC_IMPLICIT_RETAIN_SELF = YES;
				CLANG_WARN_OBJC_LITERAL_CONVERSION = YES;
				CLANG_WARN_OBJC_ROOT_CLASS = YES_ERROR;
				CLANG_WARN_QUOTED_INCLUDE_IN_FRAMEWORK_HEADER = YES;
				CLANG_WARN_RANGE_LOOP_ANALYSIS = YES;
				CLANG_WARN_STRICT_PROTOTYPES = YES;
				CLANG_WARN_SUSPICIOUS_MOVE = YES;
				CLANG_WARN_UNGUARDED_AVAILABILITY = YES_AGGRESSIVE;
				CLANG_WARN_UNREACHABLE_CODE = YES;
				CLANG_WARN__DUPLICATE_METHOD_MATCH = YES;
				COPY_PHASE_STRIP = NO;
				DEBUG_INFORMATION_FORMAT = "dwarf-with-dsym";
				ENABLE_NS_ASSERTIONS = NO;
				ENABLE_STRICT_OBJC_MSGSEND = YES;
				GCC_C_LANGUAGE_STANDARD = gnu11;
				GCC_NO_COMMON_BLOCKS = YES;
				GCC_WARN_64_TO_32_BIT_CONVERSION = YES;
				GCC_WARN_ABOUT_RETURN_TYPE = YES_ERROR;
				GCC_WARN_UNDECLARED_SELECTOR = YES;
				GCC_WARN_UNINITIALIZED_AUTOS = YES_AGGRESSIVE;
				GCC_WARN_UNUSED_FUNCTION = YES;
				GCC_WARN_UNUSED_VARIABLE = YES;
				IPHONEOS_DEPLOYMENT_TARGET = 15.5;
				MTL_ENABLE_DEBUG_INFO = NO;
				MTL_FAST_MATH = YES;
				SDKROOT = iphoneos;
				SWIFT_COMPILATION_MODE = wholemodule;
				SWIFT_OPTIMIZATION_LEVEL = "-O";
				VALIDATE_PRODUCT = YES;
			};
			name = Release;
		};
		12DFCBB4287C881A007E1EE1 /* Debug */ = {
			isa = XCBuildConfiguration;
			buildSettings = {
				ASSETCATALOG_COMPILER_APPICON_NAME = AppIcon;
				ASSETCATALOG_COMPILER_GLOBAL_ACCENT_COLOR_NAME = AccentColor;
				CODE_SIGN_STYLE = Automatic;
				CURRENT_PROJECT_VERSION = 1;
				DEVELOPMENT_TEAM = 8KD22UDLNC;
				GENERATE_INFOPLIST_FILE = YES;
				INFOPLIST_FILE = Lesson_29/Info.plist;
				INFOPLIST_KEY_UIApplicationSupportsIndirectInputEvents = YES;
				INFOPLIST_KEY_UILaunchStoryboardName = LaunchScreen;
				INFOPLIST_KEY_UIMainStoryboardFile = Main;
				INFOPLIST_KEY_UISupportedInterfaceOrientations_iPad = "UIInterfaceOrientationPortrait UIInterfaceOrientationPortraitUpsideDown UIInterfaceOrientationLandscapeLeft UIInterfaceOrientationLandscapeRight";
				INFOPLIST_KEY_UISupportedInterfaceOrientations_iPhone = "UIInterfaceOrientationPortrait UIInterfaceOrientationLandscapeLeft UIInterfaceOrientationLandscapeRight";
				LD_RUNPATH_SEARCH_PATHS = (
					"$(inherited)",
					"@executable_path/Frameworks",
				);
				MARKETING_VERSION = 1.0;
				PRODUCT_BUNDLE_IDENTIFIER = "com.maksim.bulat.Lesson-29";
				PRODUCT_NAME = "$(TARGET_NAME)";
				SWIFT_EMIT_LOC_STRINGS = YES;
				SWIFT_VERSION = 5.0;
				TARGETED_DEVICE_FAMILY = "1,2";
			};
			name = Debug;
		};
		12DFCBB5287C881A007E1EE1 /* Release */ = {
			isa = XCBuildConfiguration;
			buildSettings = {
				ASSETCATALOG_COMPILER_APPICON_NAME = AppIcon;
				ASSETCATALOG_COMPILER_GLOBAL_ACCENT_COLOR_NAME = AccentColor;
				CODE_SIGN_STYLE = Automatic;
				CURRENT_PROJECT_VERSION = 1;
				DEVELOPMENT_TEAM = 8KD22UDLNC;
				GENERATE_INFOPLIST_FILE = YES;
				INFOPLIST_FILE = Lesson_29/Info.plist;
				INFOPLIST_KEY_UIApplicationSupportsIndirectInputEvents = YES;
				INFOPLIST_KEY_UILaunchStoryboardName = LaunchScreen;
				INFOPLIST_KEY_UIMainStoryboardFile = Main;
				INFOPLIST_KEY_UISupportedInterfaceOrientations_iPad = "UIInterfaceOrientationPortrait UIInterfaceOrientationPortraitUpsideDown UIInterfaceOrientationLandscapeLeft UIInterfaceOrientationLandscapeRight";
				INFOPLIST_KEY_UISupportedInterfaceOrientations_iPhone = "UIInterfaceOrientationPortrait UIInterfaceOrientationLandscapeLeft UIInterfaceOrientationLandscapeRight";
				LD_RUNPATH_SEARCH_PATHS = (
					"$(inherited)",
					"@executable_path/Frameworks",
				);
				MARKETING_VERSION = 1.0;
				PRODUCT_BUNDLE_IDENTIFIER = "com.maksim.bulat.Lesson-29";
				PRODUCT_NAME = "$(TARGET_NAME)";
				SWIFT_EMIT_LOC_STRINGS = YES;
				SWIFT_VERSION = 5.0;
				TARGETED_DEVICE_FAMILY = "1,2";
			};
			name = Release;
		};
/* End XCBuildConfiguration section */

/* Begin XCConfigurationList section */
		12DFCB9A287C8817007E1EE1 /* Build configuration list for PBXProject "Lesson_29" */ = {
			isa = XCConfigurationList;
			buildConfigurations = (
				12DFCBB1287C881A007E1EE1 /* Debug */,
				12DFCBB2287C881A007E1EE1 /* Release */,
			);
			defaultConfigurationIsVisible = 0;
			defaultConfigurationName = Release;
		};
		12DFCBB3287C881A007E1EE1 /* Build configuration list for PBXNativeTarget "Lesson_29" */ = {
			isa = XCConfigurationList;
			buildConfigurations = (
				12DFCBB4287C881A007E1EE1 /* Debug */,
				12DFCBB5287C881A007E1EE1 /* Release */,
			);
			defaultConfigurationIsVisible = 0;
			defaultConfigurationName = Release;
		};
/* End XCConfigurationList section */
	};
	rootObject = 12DFCB97287C8817007E1EE1 /* Project object */;
}
